
Microsoft Visual Studio Solution File, Format Version 12.00
# Visual Studio Version 17
VisualStudioVersion = 17.14.37012.4 d17.14
MinimumVisualStudioVersion = 10.0.40219.1
Project("{FAE04EC0-301F-11D3-BF4B-00C04F79EFBC}") = "Calculator.net", "Calculator.net.csproj", "{8FCA6B29-4711-4730-BBCD-66FC131D13C3}"
EndProject
Global
	GlobalSection(SolutionConfigurationPlatforms) = preSolution
		Debug|Any CPU = Debug|Any CPU
		Release|Any CPU = Release|Any CPU
	EndGlobalSection
	GlobalSection(ProjectConfigurationPlatforms) = postSolution
		{8FCA6B29-4711-4730-BBCD-66FC131D13C3}.Debug|Any CPU.ActiveCfg = Debug|Any CPU
		{8FCA6B29-4711-4730-BBCD-66FC131D13C3}.Debug|Any CPU.Build.0 = Debug|Any CPU
		{8FCA6B29-4711-4730-BBCD-66FC131D13C3}.Release|Any CPU.ActiveCfg = Release|Any CPU
		{8FCA6B29-4711-4730-BBCD-66FC131D13C3}.Release|Any CPU.Build.0 = Release|Any CPU
	EndGlobalSection
	GlobalSection(SolutionProperties) = preSolution
		HideSolutionNode = FALSE
	EndGlobalSection
	GlobalSection(ExtensibilityGlobals) = postSolution
		SolutionGuid = {614A94B7-61B6-4123-BD4F-2987ED0B9D90}
	EndGlobalSection
EndGlobal
